// !$*UTF8*$!
{
	archiveVersion = 1;
	classes = {
	};
	objectVersion = 46;
	objects = {

/* Begin PBXBuildFile section */
		18D26AE4196FC66300C83F99 /* Foundation.framework in Frameworks */ = {isa = PBXBuildFile; fileRef = 18D26AE3196FC66300C83F99 /* Foundation.framework */; };
		18D26AE6196FC66300C83F99 /* CoreGraphics.framework in Frameworks */ = {isa = PBXBuildFile; fileRef = 18D26AE5196FC66300C83F99 /* CoreGraphics.framework */; };
		18D26AE8196FC66300C83F99 /* UIKit.framework in Frameworks */ = {isa = PBXBuildFile; fileRef = 18D26AE7196FC66300C83F99 /* UIKit.framework */; };
		18D26AEE196FC66300C83F99 /* InfoPlist.strings in Resources */ = {isa = PBXBuildFile; fileRef = 18D26AEC196FC66300C83F99 /* InfoPlist.strings */; };
		18D26AF0196FC66300C83F99 /* main.m in Sources */ = {isa = PBXBuildFile; fileRef = 18D26AEF196FC66300C83F99 /* main.m */; };
		18D26AF4196FC66300C83F99 /* CZAppDelegate.m in Sources */ = {isa = PBXBuildFile; fileRef = 18D26AF3196FC66300C83F99 /* CZAppDelegate.m */; };
		18D26AFC196FC66300C83F99 /* Images.xcassets in Resources */ = {isa = PBXBuildFile; fileRef = 18D26AFB196FC66300C83F99 /* Images.xcassets */; };
		18D26B03196FC66300C83F99 /* XCTest.framework in Frameworks */ = {isa = PBXBuildFile; fileRef = 18D26B02196FC66300C83F99 /* XCTest.framework */; };
		18D26B04196FC66300C83F99 /* Foundation.framework in Frameworks */ = {isa = PBXBuildFile; fileRef = 18D26AE3196FC66300C83F99 /* Foundation.framework */; };
		18D26B05196FC66300C83F99 /* UIKit.framework in Frameworks */ = {isa = PBXBuildFile; fileRef = 18D26AE7196FC66300C83F99 /* UIKit.framework */; };
		18D26B0D196FC66300C83F99 /* InfoPlist.strings in Resources */ = {isa = PBXBuildFile; fileRef = 18D26B0B196FC66300C83F99 /* InfoPlist.strings */; };
		18D26B0F196FC66300C83F99 /* _0_____Tests.m in Sources */ = {isa = PBXBuildFile; fileRef = 18D26B0E196FC66300C83F99 /* _0_____Tests.m */; };
		18D26B1C196FC6DD00C83F99 /* CZDrawerViewController.m in Sources */ = {isa = PBXBuildFile; fileRef = 18D26B1B196FC6DD00C83F99 /* CZDrawerViewController.m */; };
		18D26B1F196FD60E00C83F99 /* CZRootViewController.m in Sources */ = {isa = PBXBuildFile; fileRef = 18D26B1E196FD60E00C83F99 /* CZRootViewController.m */; };
		18D26B23196FD67F00C83F99 /* CZNewsViewController.m in Sources */ = {isa = PBXBuildFile; fileRef = 18D26B22196FD67F00C83F99 /* CZNewsViewController.m */; };
		18D26B27196FD76A00C83F99 /* CZMenuViewController.m in Sources */ = {isa = PBXBuildFile; fileRef = 18D26B26196FD76A00C83F99 /* CZMenuViewController.m */; };
		18D26B29196FD7A000C83F99 /* sidebar_bg@2x.jpg in Resources */ = {isa = PBXBuildFile; fileRef = 18D26B28196FD7A000C83F99 /* sidebar_bg@2x.jpg */; };
		18D26B2B196FD84D00C83F99 /* navmenu.plist in Resources */ = {isa = PBXBuildFile; fileRef = 18D26B2A196FD84D00C83F99 /* navmenu.plist */; };
		18D26B2E196FDA9E00C83F99 /* CZMenuCell.m in Sources */ = {isa = PBXBuildFile; fileRef = 18D26B2D196FDA9E00C83F99 /* CZMenuCell.m */; };
		18D26B32196FDC6700C83F99 /* CZSettingViewController.m in Sources */ = {isa = PBXBuildFile; fileRef = 18D26B31196FDC6700C83F99 /* CZSettingViewController.m */; };
		18D26B35196FDE1100C83F99 /* CZAudioViewController.m in Sources */ = {isa = PBXBuildFile; fileRef = 18D26B34196FDE1100C83F99 /* CZAudioViewController.m */; };
		18D26B38196FDE1D00C83F99 /* CZVoteViewController.m in Sources */ = {isa = PBXBuildFile; fileRef = 18D26B37196FDE1D00C83F99 /* CZVoteViewController.m */; };
		18D26B3B196FDE2800C83F99 /* CZCommentViewController.m in Sources */ = {isa = PBXBuildFile; fileRef = 18D26B3A196FDE2800C83F99 /* CZCommentViewController.m */; };
		18D26B3E196FDE3100C83F99 /* CZPhotoViewController.m in Sources */ = {isa = PBXBuildFile; fileRef = 18D26B3D196FDE3100C83F99 /* CZPhotoViewController.m */; };
		18D26B41196FDE3B00C83F99 /* CZReadingViewController.m in Sources */ = {isa = PBXBuildFile; fileRef = 18D26B40196FDE3B00C83F99 /* CZReadingViewController.m */; };
/* End PBXBuildFile section */

/* Begin PBXContainerItemProxy section */
		18D26B06196FC66300C83F99 /* PBXContainerItemProxy */ = {
			isa = PBXContainerItemProxy;
			containerPortal = 18D26AD8196FC66300C83F99 /* Project object */;
			proxyType = 1;
			remoteGlobalIDString = 18D26ADF196FC66300C83F99;
			remoteInfo = "10-抽屉视图";
		};
/* End PBXContainerItemProxy section */

/* Begin PBXFileReference section */
		18D26AE0196FC66300C83F99 /* 10-抽屉视图.app */ = {isa = PBXFileReference; explicitFileType = wrapper.application; includeInIndex = 0; path = "10-抽屉视图.app"; sourceTree = BUILT_PRODUCTS_DIR; };
		18D26AE3196FC66300C83F99 /* Foundation.framework */ = {isa = PBXFileReference; lastKnownFileType = wrapper.framework; name = Foundation.framework; path = System/Library/Frameworks/Foundation.framework; sourceTree = SDKROOT; };
		18D26AE5196FC66300C83F99 /* CoreGraphics.framework */ = {isa = PBXFileReference; lastKnownFileType = wrapper.framework; name = CoreGraphics.framework; path = System/Library/Frameworks/CoreGraphics.framework; sourceTree = SDKROOT; };
		18D26AE7196FC66300C83F99 /* UIKit.framework */ = {isa = PBXFileReference; lastKnownFileType = wrapper.framework; name = UIKit.framework; path = System/Library/Frameworks/UIKit.framework; sourceTree = SDKROOT; };
		18D26AEB196FC66300C83F99 /* 10-抽屉视图-Info.plist */ = {isa = PBXFileReference; lastKnownFileType = text.plist.xml; path = "10-抽屉视图-Info.plist"; sourceTree = "<group>"; };
		18D26AED196FC66300C83F99 /* en */ = {isa = PBXFileReference; lastKnownFileType = text.plist.strings; name = en; path = en.lproj/InfoPlist.strings; sourceTree = "<group>"; };
		18D26AEF196FC66300C83F99 /* main.m */ = {isa = PBXFileReference; lastKnownFileType = sourcecode.c.objc; path = main.m; sourceTree = "<group>"; };
		18D26AF1196FC66300C83F99 /* 10-抽屉视图-Prefix.pch */ = {isa = PBXFileReference; lastKnownFileType = sourcecode.c.h; path = "10-抽屉视图-Prefix.pch"; sourceTree = "<group>"; };
		18D26AF2196FC66300C83F99 /* CZAppDelegate.h */ = {isa = PBXFileReference; lastKnownFileType = sourcecode.c.h; path = CZAppDelegate.h; sourceTree = "<group>"; };
		18D26AF3196FC66300C83F99 /* CZAppDelegate.m */ = {isa = PBXFileReference; lastKnownFileType = sourcecode.c.objc; path = CZAppDelegate.m; sourceTree = "<group>"; };
		18D26AFB196FC66300C83F99 /* Images.xcassets */ = {isa = PBXFileReference; lastKnownFileType = folder.assetcatalog; path = Images.xcassets; sourceTree = "<group>"; };
		18D26B01196FC66300C83F99 /* 10-抽屉视图Tests.xctest */ = {isa = PBXFileReference; explicitFileType = wrapper.cfbundle; includeInIndex = 0; path = "10-抽屉视图Tests.xctest"; sourceTree = BUILT_PRODUCTS_DIR; };
		18D26B02196FC66300C83F99 /* XCTest.framework */ = {isa = PBXFileReference; lastKnownFileType = wrapper.framework; name = XCTest.framework; path = Library/Frameworks/XCTest.framework; sourceTree = DEVELOPER_DIR; };
		18D26B0A196FC66300C83F99 /* 10-抽屉视图Tests-Info.plist */ = {isa = PBXFileReference; lastKnownFileType = text.plist.xml; path = "10-抽屉视图Tests-Info.plist"; sourceTree = "<group>"; };
		18D26B0C196FC66300C83F99 /* en */ = {isa = PBXFileReference; lastKnownFileType = text.plist.strings; name = en; path = en.lproj/InfoPlist.strings; sourceTree = "<group>"; };
		18D26B0E196FC66300C83F99 /* _0_____Tests.m */ = {isa = PBXFileReference; lastKnownFileType = sourcecode.c.objc; path = "_0_____Tests.m"; sourceTree = "<group>"; };
		18D26B1A196FC6DD00C83F99 /* CZDrawerViewController.h */ = {isa = PBXFileReference; fileEncoding = 4; lastKnownFileType = sourcecode.c.h; path = CZDrawerViewController.h; sourceTree = "<group>"; };
		18D26B1B196FC6DD00C83F99 /* CZDrawerViewController.m */ = {isa = PBXFileReference; fileEncoding = 4; lastKnownFileType = sourcecode.c.objc; path = CZDrawerViewController.m; sourceTree = "<group>"; };
		18D26B1D196FD60E00C83F99 /* CZRootViewController.h */ = {isa = PBXFileReference; fileEncoding = 4; lastKnownFileType = sourcecode.c.h; path = CZRootViewController.h; sourceTree = "<group>"; };
		18D26B1E196FD60E00C83F99 /* CZRootViewController.m */ = {isa = PBXFileReference; fileEncoding = 4; lastKnownFileType = sourcecode.c.objc; path = CZRootViewController.m; sourceTree = "<group>"; };
		18D26B21196FD67F00C83F99 /* CZNewsViewController.h */ = {isa = PBXFileReference; fileEncoding = 4; lastKnownFileType = sourcecode.c.h; path = CZNewsViewController.h; sourceTree = "<group>"; };
		18D26B22196FD67F00C83F99 /* CZNewsViewController.m */ = {isa = PBXFileReference; fileEncoding = 4; lastKnownFileType = sourcecode.c.objc; path = CZNewsViewController.m; sourceTree = "<group>"; };
		18D26B25196FD76A00C83F99 /* CZMenuViewController.h */ = {isa = PBXFileReference; fileEncoding = 4; lastKnownFileType = sourcecode.c.h; path = CZMenuViewController.h; sourceTree = "<group>"; };
		18D26B26196FD76A00C83F99 /* CZMenuViewController.m */ = {isa = PBXFileReference; fileEncoding = 4; lastKnownFileType = sourcecode.c.objc; path = CZMenuViewController.m; sourceTree = "<group>"; };
		18D26B28196FD7A000C83F99 /* sidebar_bg@2x.jpg */ = {isa = PBXFileReference; lastKnownFileType = image.jpeg; path = "sidebar_bg@2x.jpg"; sourceTree = "<group>"; };
		18D26B2A196FD84D00C83F99 /* navmenu.plist */ = {isa = PBXFileReference; fileEncoding = 4; lastKnownFileType = text.plist.xml; path = navmenu.plist; sourceTree = "<group>"; };
		18D26B2C196FDA9E00C83F99 /* CZMenuCell.h */ = {isa = PBXFileReference; fileEncoding = 4; lastKnownFileType = sourcecode.c.h; path = CZMenuCell.h; sourceTree = "<group>"; };
		18D26B2D196FDA9E00C83F99 /* CZMenuCell.m */ = {isa = PBXFileReference; fileEncoding = 4; lastKnownFileType = sourcecode.c.objc; path = CZMenuCell.m; sourceTree = "<group>"; };
		18D26B30196FDC6700C83F99 /* CZSettingViewController.h */ = {isa = PBXFileReference; fileEncoding = 4; lastKnownFileType = sourcecode.c.h; path = CZSettingViewController.h; sourceTree = "<group>"; };
		18D26B31196FDC6700C83F99 /* CZSettingViewController.m */ = {isa = PBXFileReference; fileEncoding = 4; lastKnownFileType = sourcecode.c.objc; path = CZSettingViewController.m; sourceTree = "<group>"; };
		18D26B33196FDE1100C83F99 /* CZAudioViewController.h */ = {isa = PBXFileReference; fileEncoding = 4; lastKnownFileType = sourcecode.c.h; path = CZAudioViewController.h; sourceTree = "<group>"; };
		18D26B34196FDE1100C83F99 /* CZAudioViewController.m */ = {isa = PBXFileReference; fileEncoding = 4; lastKnownFileType = sourcecode.c.objc; path = CZAudioViewController.m; sourceTree = "<group>"; };
		18D26B36196FDE1D00C83F99 /* CZVoteViewController.h */ = {isa = PBXFileReference; fileEncoding = 4; lastKnownFileType = sourcecode.c.h; path = CZVoteViewController.h; sourceTree = "<group>"; };
		18D26B37196FDE1D00C83F99 /* CZVoteViewController.m */ = {isa = PBXFileReference; fileEncoding = 4; lastKnownFileType = sourcecode.c.objc; path = CZVoteViewController.m; sourceTree = "<group>"; };
		18D26B39196FDE2800C83F99 /* CZCommentViewController.h */ = {isa = PBXFileReference; fileEncoding = 4; lastKnownFileType = sourcecode.c.h; path = CZCommentViewController.h; sourceTree = "<group>"; };
		18D26B3A196FDE2800C83F99 /* CZCommentViewController.m */ = {isa = PBXFileReference; fileEncoding = 4; lastKnownFileType = sourcecode.c.objc; path = CZCommentViewController.m; sourceTree = "<group>"; };
		18D26B3C196FDE3100C83F99 /* CZPhotoViewController.h */ = {isa = PBXFileReference; fileEncoding = 4; lastKnownFileType = sourcecode.c.h; path = CZPhotoViewController.h; sourceTree = "<group>"; };
		18D26B3D196FDE3100C83F99 /* CZPhotoViewController.m */ = {isa = PBXFileReference; fileEncoding = 4; lastKnownFileType = sourcecode.c.objc; path = CZPhotoViewController.m; sourceTree = "<group>"; };
		18D26B3F196FDE3B00C83F99 /* CZReadingViewController.h */ = {isa = PBXFileReference; fileEncoding = 4; lastKnownFileType = sourcecode.c.h; path = CZReadingViewController.h; sourceTree = "<group>"; };
		18D26B40196FDE3B00C83F99 /* CZReadingViewController.m */ = {isa = PBXFileReference; fileEncoding = 4; lastKnownFileType = sourcecode.c.objc; path = CZReadingViewController.m; sourceTree = "<group>"; };
/* End PBXFileReference section */

/* Begin PBXFrameworksBuildPhase section */
		18D26ADD196FC66300C83F99 /* Frameworks */ = {
			isa = PBXFrameworksBuildPhase;
			buildActionMask = 2147483647;
			files = (
				18D26AE6196FC66300C83F99 /* CoreGraphics.framework in Frameworks */,
				18D26AE8196FC66300C83F99 /* UIKit.framework in Frameworks */,
				18D26AE4196FC66300C83F99 /* Foundation.framework in Frameworks */,
			);
			runOnlyForDeploymentPostprocessing = 0;
		};
		18D26AFE196FC66300C83F99 /* Frameworks */ = {
			isa = PBXFrameworksBuildPhase;
			buildActionMask = 2147483647;
			files = (
				18D26B03196FC66300C83F99 /* XCTest.framework in Frameworks */,
				18D26B05196FC66300C83F99 /* UIKit.framework in Frameworks */,
				18D26B04196FC66300C83F99 /* Foundation.framework in Frameworks */,
			);
			runOnlyForDeploymentPostprocessing = 0;
		};
/* End PBXFrameworksBuildPhase section */

/* Begin PBXGroup section */
		18D26AD7196FC66300C83F99 = {
			isa = PBXGroup;
			children = (
				18D26AE9196FC66300C83F99 /* 10-抽屉视图 */,
				18D26B08196FC66300C83F99 /* 10-抽屉视图Tests */,
				18D26AE2196FC66300C83F99 /* Frameworks */,
				18D26AE1196FC66300C83F99 /* Products */,
			);
			sourceTree = "<group>";
		};
		18D26AE1196FC66300C83F99 /* Products */ = {
			isa = PBXGroup;
			children = (
				18D26AE0196FC66300C83F99 /* 10-抽屉视图.app */,
				18D26B01196FC66300C83F99 /* 10-抽屉视图Tests.xctest */,
			);
			name = Products;
			sourceTree = "<group>";
		};
		18D26AE2196FC66300C83F99 /* Frameworks */ = {
			isa = PBXGroup;
			children = (
				18D26AE3196FC66300C83F99 /* Foundation.framework */,
				18D26AE5196FC66300C83F99 /* CoreGraphics.framework */,
				18D26AE7196FC66300C83F99 /* UIKit.framework */,
				18D26B02196FC66300C83F99 /* XCTest.framework */,
			);
			name = Frameworks;
			sourceTree = "<group>";
		};
		18D26AE9196FC66300C83F99 /* 10-抽屉视图 */ = {
			isa = PBXGroup;
			children = (
				18D26B18196FC6B900C83F99 /* Classes */,
				18D26AF2196FC66300C83F99 /* CZAppDelegate.h */,
				18D26AF3196FC66300C83F99 /* CZAppDelegate.m */,
				18D26AFB196FC66300C83F99 /* Images.xcassets */,
				18D26AEA196FC66300C83F99 /* Supporting Files */,
			);
			path = "10-抽屉视图";
			sourceTree = "<group>";
		};
		18D26AEA196FC66300C83F99 /* Supporting Files */ = {
			isa = PBXGroup;
			children = (
				18D26B28196FD7A000C83F99 /* sidebar_bg@2x.jpg */,
				18D26AEB196FC66300C83F99 /* 10-抽屉视图-Info.plist */,
				18D26AEC196FC66300C83F99 /* InfoPlist.strings */,
				18D26AEF196FC66300C83F99 /* main.m */,
				18D26AF1196FC66300C83F99 /* 10-抽屉视图-Prefix.pch */,
			);
			name = "Supporting Files";
			sourceTree = "<group>";
		};
		18D26B08196FC66300C83F99 /* 10-抽屉视图Tests */ = {
			isa = PBXGroup;
			children = (
				18D26B0E196FC66300C83F99 /* _0_____Tests.m */,
				18D26B09196FC66300C83F99 /* Supporting Files */,
			);
			path = "10-抽屉视图Tests";
			sourceTree = "<group>";
		};
		18D26B09196FC66300C83F99 /* Supporting Files */ = {
			isa = PBXGroup;
			children = (
				18D26B0A196FC66300C83F99 /* 10-抽屉视图Tests-Info.plist */,
				18D26B0B196FC66300C83F99 /* InfoPlist.strings */,
			);
			name = "Supporting Files";
			sourceTree = "<group>";
		};
		18D26B18196FC6B900C83F99 /* Classes */ = {
			isa = PBXGroup;
			children = (
				18D26B2F196FDC4F00C83F99 /* Settings(个人设置) */,
				18D26B24196FD75A00C83F99 /* Menu(菜单) */,
				18D26B20196FD67000C83F99 /* News(新闻) */,
				18D26B19196FC6B900C83F99 /* Drawer(抽屉) */,
			);
			path = Classes;
			sourceTree = "<group>";
		};
		18D26B19196FC6B900C83F99 /* Drawer(抽屉) */ = {
			isa = PBXGroup;
			children = (
				18D26B1A196FC6DD00C83F99 /* CZDrawerViewController.h */,
				18D26B1B196FC6DD00C83F99 /* CZDrawerViewController.m */,
				18D26B1D196FD60E00C83F99 /* CZRootViewController.h */,
				18D26B1E196FD60E00C83F99 /* CZRootViewController.m */,
			);
			name = "Drawer(抽屉)";
			path = Drawer;
			sourceTree = "<group>";
		};
		18D26B20196FD67000C83F99 /* News(新闻) */ = {
			isa = PBXGroup;
			children = (
				18D26B21196FD67F00C83F99 /* CZNewsViewController.h */,
				18D26B22196FD67F00C83F99 /* CZNewsViewController.m */,
				18D26B33196FDE1100C83F99 /* CZAudioViewController.h */,
				18D26B34196FDE1100C83F99 /* CZAudioViewController.m */,
				18D26B36196FDE1D00C83F99 /* CZVoteViewController.h */,
				18D26B37196FDE1D00C83F99 /* CZVoteViewController.m */,
				18D26B39196FDE2800C83F99 /* CZCommentViewController.h */,
				18D26B3A196FDE2800C83F99 /* CZCommentViewController.m */,
				18D26B3C196FDE3100C83F99 /* CZPhotoViewController.h */,
				18D26B3D196FDE3100C83F99 /* CZPhotoViewController.m */,
				18D26B3F196FDE3B00C83F99 /* CZReadingViewController.h */,
				18D26B40196FDE3B00C83F99 /* CZReadingViewController.m */,
			);
			name = "News(新闻)";
			path = News;
			sourceTree = "<group>";
		};
		18D26B24196FD75A00C83F99 /* Menu(菜单) */ = {
			isa = PBXGroup;
			children = (
				18D26B25196FD76A00C83F99 /* CZMenuViewController.h */,
				18D26B26196FD76A00C83F99 /* CZMenuViewController.m */,
				18D26B2C196FDA9E00C83F99 /* CZMenuCell.h */,
				18D26B2D196FDA9E00C83F99 /* CZMenuCell.m */,
				18D26B2A196FD84D00C83F99 /* navmenu.plist */,
			);
			name = "Menu(菜单)";
			path = Menu;
			sourceTree = "<group>";
		};
		18D26B2F196FDC4F00C83F99 /* Settings(个人设置) */ = {
			isa = PBXGroup;
			children = (
				18D26B30196FDC6700C83F99 /* CZSettingViewController.h */,
				18D26B31196FDC6700C83F99 /* CZSettingViewController.m */,
			);
			name = "Settings(个人设置)";
			path = Settings;
			sourceTree = "<group>";
		};
/* End PBXGroup section */

/* Begin PBXNativeTarget section */
		18D26ADF196FC66300C83F99 /* 10-抽屉视图 */ = {
			isa = PBXNativeTarget;
			buildConfigurationList = 18D26B12196FC66300C83F99 /* Build configuration list for PBXNativeTarget "10-抽屉视图" */;
			buildPhases = (
				18D26ADC196FC66300C83F99 /* Sources */,
				18D26ADD196FC66300C83F99 /* Frameworks */,
				18D26ADE196FC66300C83F99 /* Resources */,
			);
			buildRules = (
			);
			dependencies = (
			);
			name = "10-抽屉视图";
			productName = "10-抽屉视图";
			productReference = 18D26AE0196FC66300C83F99 /* 10-抽屉视图.app */;
			productType = "com.apple.product-type.application";
		};
		18D26B00196FC66300C83F99 /* 10-抽屉视图Tests */ = {
			isa = PBXNativeTarget;
			buildConfigurationList = 18D26B15196FC66300C83F99 /* Build configuration list for PBXNativeTarget "10-抽屉视图Tests" */;
			buildPhases = (
				18D26AFD196FC66300C83F99 /* Sources */,
				18D26AFE196FC66300C83F99 /* Frameworks */,
				18D26AFF196FC66300C83F99 /* Resources */,
			);
			buildRules = (
			);
			dependencies = (
				18D26B07196FC66300C83F99 /* PBXTargetDependency */,
			);
			name = "10-抽屉视图Tests";
			productName = "10-抽屉视图Tests";
			productReference = 18D26B01196FC66300C83F99 /* 10-抽屉视图Tests.xctest */;
			productType = "com.apple.product-type.bundle.unit-test";
		};
/* End PBXNativeTarget section */

/* Begin PBXProject section */
		18D26AD8196FC66300C83F99 /* Project object */ = {
			isa = PBXProject;
			attributes = {
				CLASSPREFIX = CZ;
				LastUpgradeCheck = 0510;
				ORGANIZATIONNAME = itcast;
				TargetAttributes = {
					18D26B00196FC66300C83F99 = {
						TestTargetID = 18D26ADF196FC66300C83F99;
					};
				};
			};
			buildConfigurationList = 18D26ADB196FC66300C83F99 /* Build configuration list for PBXProject "10-抽屉视图" */;
			compatibilityVersion = "Xcode 3.2";
			developmentRegion = English;
			hasScannedForEncodings = 0;
			knownRegions = (
				en,
				Base,
			);
			mainGroup = 18D26AD7196FC66300C83F99;
			productRefGroup = 18D26AE1196FC66300C83F99 /* Products */;
			projectDirPath = "";
			projectRoot = "";
			targets = (
				18D26ADF196FC66300C83F99 /* 10-抽屉视图 */,
				18D26B00196FC66300C83F99 /* 10-抽屉视图Tests */,
			);
		};
/* End PBXProject section */

/* Begin PBXResourcesBuildPhase section */
		18D26ADE196FC66300C83F99 /* Resources */ = {
			isa = PBXResourcesBuildPhase;
			buildActionMask = 2147483647;
			files = (
				18D26AFC196FC66300C83F99 /* Images.xcassets in Resources */,
				18D26B2B196FD84D00C83F99 /* navmenu.plist in Resources */,
				18D26AEE196FC66300C83F99 /* InfoPlist.strings in Resources */,
				18D26B29196FD7A000C83F99 /* sidebar_bg@2x.jpg in Resources */,
			);
			runOnlyForDeploymentPostprocessing = 0;
		};
		18D26AFF196FC66300C83F99 /* Resources */ = {
			isa = PBXResourcesBuildPhase;
			buildActionMask = 2147483647;
			files = (
				18D26B0D196FC66300C83F99 /* InfoPlist.strings in Resources */,
			);
			runOnlyForDeploymentPostprocessing = 0;
		};
/* End PBXResourcesBuildPhase section */

/* Begin PBXSourcesBuildPhase section */
		18D26ADC196FC66300C83F99 /* Sources */ = {
			isa = PBXSourcesBuildPhase;
			buildActionMask = 2147483647;
			files = (
				18D26B3E196FDE3100C83F99 /* CZPhotoViewController.m in Sources */,
				18D26B1C196FC6DD00C83F99 /* CZDrawerViewController.m in Sources */,
				18D26B35196FDE1100C83F99 /* CZAudioViewController.m in Sources */,
				18D26B2E196FDA9E00C83F99 /* CZMenuCell.m in Sources */,
				18D26B3B196FDE2800C83F99 /* CZCommentViewController.m in Sources */,
				18D26B23196FD67F00C83F99 /* CZNewsViewController.m in Sources */,
				18D26B27196FD76A00C83F99 /* CZMenuViewController.m in Sources */,
				18D26B1F196FD60E00C83F99 /* CZRootViewController.m in Sources */,
				18D26AF0196FC66300C83F99 /* main.m in Sources */,
				18D26B41196FDE3B00C83F99 /* CZReadingViewController.m in Sources */,
				18D26B32196FDC6700C83F99 /* CZSettingViewController.m in Sources */,
				18D26AF4196FC66300C83F99 /* CZAppDelegate.m in Sources */,
				18D26B38196FDE1D00C83F99 /* CZVoteViewController.m in Sources */,
			);
			runOnlyForDeploymentPostprocessing = 0;
		};
		18D26AFD196FC66300C83F99 /* Sources */ = {
			isa = PBXSourcesBuildPhase;
			buildActionMask = 2147483647;
			files = (
				18D26B0F196FC66300C83F99 /* _0_____Tests.m in Sources */,
			);
			runOnlyForDeploymentPostprocessing = 0;
		};
/* End PBXSourcesBuildPhase section */

/* Begin PBXTargetDependency section */
		18D26B07196FC66300C83F99 /* PBXTargetDependency */ = {
			isa = PBXTargetDependency;
			target = 18D26ADF196FC66300C83F99 /* 10-抽屉视图 */;
			targetProxy = 18D26B06196FC66300C83F99 /* PBXContainerItemProxy */;
		};
/* End PBXTargetDependency section */

/* Begin PBXVariantGroup section */
		18D26AEC196FC66300C83F99 /* InfoPlist.strings */ = {
			isa = PBXVariantGroup;
			children = (
				18D26AED196FC66300C83F99 /* en */,
			);
			name = InfoPlist.strings;
			sourceTree = "<group>";
		};
		18D26B0B196FC66300C83F99 /* InfoPlist.strings */ = {
			isa = PBXVariantGroup;
			children = (
				18D26B0C196FC66300C83F99 /* en */,
			);
			name = InfoPlist.strings;
			sourceTree = "<group>";
		};
/* End PBXVariantGroup section */

/* Begin XCBuildConfiguration section */
		18D26B10196FC66300C83F99 /* Debug */ = {
			isa = XCBuildConfiguration;
			buildSettings = {
				ALWAYS_SEARCH_USER_PATHS = NO;
				CLANG_CXX_LANGUAGE_STANDARD = "gnu++0x";
				CLANG_CXX_LIBRARY = "libc++";
				CLANG_ENABLE_MODULES = YES;
				CLANG_ENABLE_OBJC_ARC = YES;
				CLANG_WARN_BOOL_CONVERSION = YES;
				CLANG_WARN_CONSTANT_CONVERSION = YES;
				CLANG_WARN_DIRECT_OBJC_ISA_USAGE = YES_ERROR;
				CLANG_WARN_EMPTY_BODY = YES;
				CLANG_WARN_ENUM_CONVERSION = YES;
				CLANG_WARN_INT_CONVERSION = YES;
				CLANG_WARN_OBJC_ROOT_CLASS = YES_ERROR;
				CLANG_WARN__DUPLICATE_METHOD_MATCH = YES;
				"CODE_SIGN_IDENTITY[sdk=iphoneos*]" = "iPhone Developer";
				COPY_PHASE_STRIP = NO;
				GCC_C_LANGUAGE_STANDARD = gnu99;
				GCC_DYNAMIC_NO_PIC = NO;
				GCC_OPTIMIZATION_LEVEL = 0;
				GCC_PREPROCESSOR_DEFINITIONS = (
					"DEBUG=1",
					"$(inherited)",
				);
				GCC_SYMBOLS_PRIVATE_EXTERN = NO;
				GCC_WARN_64_TO_32_BIT_CONVERSION = YES;
				GCC_WARN_ABOUT_RETURN_TYPE = YES_ERROR;
				GCC_WARN_UNDECLARED_SELECTOR = YES;
				GCC_WARN_UNINITIALIZED_AUTOS = YES_AGGRESSIVE;
				GCC_WARN_UNUSED_FUNCTION = YES;
				GCC_WARN_UNUSED_VARIABLE = YES;
				IPHONEOS_DEPLOYMENT_TARGET = 7.1;
				ONLY_ACTIVE_ARCH = YES;
				SDKROOT = iphoneos;
			};
			name = Debug;
		};
		18D26B11196FC66300C83F99 /* Release */ = {
			isa = XCBuildConfiguration;
			buildSettings = {
				ALWAYS_SEARCH_USER_PATHS = NO;
				CLANG_CXX_LANGUAGE_STANDARD = "gnu++0x";
				CLANG_CXX_LIBRARY = "libc++";
				CLANG_ENABLE_MODULES = YES;
				CLANG_ENABLE_OBJC_ARC = YES;
				CLANG_WARN_BOOL_CONVERSION = YES;
				CLANG_WARN_CONSTANT_CONVERSION = YES;
				CLANG_WARN_DIRECT_OBJC_ISA_USAGE = YES_ERROR;
				CLANG_WARN_EMPTY_BODY = YES;
				CLANG_WARN_ENUM_CONVERSION = YES;
				CLANG_WARN_INT_CONVERSION = YES;
				CLANG_WARN_OBJC_ROOT_CLASS = YES_ERROR;
				CLANG_WARN__DUPLICATE_METHOD_MATCH = YES;
				"CODE_SIGN_IDENTITY[sdk=iphoneos*]" = "iPhone Developer";
				COPY_PHASE_STRIP = YES;
				ENABLE_NS_ASSERTIONS = NO;
				GCC_C_LANGUAGE_STANDARD = gnu99;
				GCC_WARN_64_TO_32_BIT_CONVERSION = YES;
				GCC_WARN_ABOUT_RETURN_TYPE = YES_ERROR;
				GCC_WARN_UNDECLARED_SELECTOR = YES;
				GCC_WARN_UNINITIALIZED_AUTOS = YES_AGGRESSIVE;
				GCC_WARN_UNUSED_FUNCTION = YES;
				GCC_WARN_UNUSED_VARIABLE = YES;
				IPHONEOS_DEPLOYMENT_TARGET = 7.1;
				SDKROOT = iphoneos;
				VALIDATE_PRODUCT = YES;
			};
			name = Release;
		};
		18D26B13196FC66300C83F99 /* Debug */ = {
			isa = XCBuildConfiguration;
			buildSettings = {
				ASSETCATALOG_COMPILER_APPICON_NAME = AppIcon;
				ASSETCATALOG_COMPILER_LAUNCHIMAGE_NAME = LaunchImage;
				GCC_PRECOMPILE_PREFIX_HEADER = YES;
				GCC_PREFIX_HEADER = "10-抽屉视图/10-抽屉视图-Prefix.pch";
				INFOPLIST_FILE = "10-抽屉视图/10-抽屉视图-Info.plist";
				PRODUCT_NAME = "$(TARGET_NAME)";
				WRAPPER_EXTENSION = app;
			};
			name = Debug;
		};
		18D26B14196FC66300C83F99 /* Release */ = {
			isa = XCBuildConfiguration;
			buildSettings = {
				ASSETCATALOG_COMPILER_APPICON_NAME = AppIcon;
				ASSETCATALOG_COMPILER_LAUNCHIMAGE_NAME = LaunchImage;
				GCC_PRECOMPILE_PREFIX_HEADER = YES;
				GCC_PREFIX_HEADER = "10-抽屉视图/10-抽屉视图-Prefix.pch";
				INFOPLIST_FILE = "10-抽屉视图/10-抽屉视图-Info.plist";
				PRODUCT_NAME = "$(TARGET_NAME)";
				WRAPPER_EXTENSION = app;
			};
			name = Release;
		};
		18D26B16196FC66300C83F99 /* Debug */ = {
			isa = XCBuildConfiguration;
			buildSettings = {
				BUNDLE_LOADER = "$(BUILT_PRODUCTS_DIR)/10-抽屉视图.app/10-抽屉视图";
				FRAMEWORK_SEARCH_PATHS = (
					"$(SDKROOT)/Developer/Library/Frameworks",
					"$(inherited)",
					"$(DEVELOPER_FRAMEWORKS_DIR)",
				);
				GCC_PRECOMPILE_PREFIX_HEADER = YES;
				GCC_PREFIX_HEADER = "10-抽屉视图/10-抽屉视图-Prefix.pch";
				GCC_PREPROCESSOR_DEFINITIONS = (
					"DEBUG=1",
					"$(inherited)",
				);
				INFOPLIST_FILE = "10-抽屉视图Tests/10-抽屉视图Tests-Info.plist";
				PRODUCT_NAME = "$(TARGET_NAME)";
				TEST_HOST = "$(BUNDLE_LOADER)";
				WRAPPER_EXTENSION = xctest;
			};
			name = Debug;
		};
		18D26B17196FC66300C83F99 /* Release */ = {
			isa = XCBuildConfiguration;
			buildSettings = {
				BUNDLE_LOADER = "$(BUILT_PRODUCTS_DIR)/10-抽屉视图.app/10-抽屉视图";
				FRAMEWORK_SEARCH_PATHS = (
					"$(SDKROOT)/Developer/Library/Frameworks",
					"$(inherited)",
					"$(DEVELOPER_FRAMEWORKS_DIR)",
				);
				GCC_PRECOMPILE_PREFIX_HEADER = YES;
				GCC_PREFIX_HEADER = "10-抽屉视图/10-抽屉视图-Prefix.pch";
				INFOPLIST_FILE = "10-抽屉视图Tests/10-抽屉视图Tests-Info.plist";
				PRODUCT_NAME = "$(TARGET_NAME)";
				TEST_HOST = "$(BUNDLE_LOADER)";
				WRAPPER_EXTENSION = xctest;
			};
			name = Release;
		};
/* End XCBuildConfiguration section */

/* Begin XCConfigurationList section */
		18D26ADB196FC66300C83F99 /* Build configuration list for PBXProject "10-抽屉视图" */ = {
			isa = XCConfigurationList;
			buildConfigurations = (
				18D26B10196FC66300C83F99 /* Debug */,
				18D26B11196FC66300C83F99 /* Release */,
			);
			defaultConfigurationIsVisible = 0;
			defaultConfigurationName = Release;
		};
		18D26B12196FC66300C83F99 /* Build configuration list for PBXNativeTarget "10-抽屉视图" */ = {
			isa = XCConfigurationList;
			buildConfigurations = (
				18D26B13196FC66300C83F99 /* Debug */,
				18D26B14196FC66300C83F99 /* Release */,
			);
			defaultConfigurationIsVisible = 0;
			defaultConfigurationName = Release;
		};
		18D26B15196FC66300C83F99 /* Build configuration list for PBXNativeTarget "10-抽屉视图Tests" */ = {
			isa = XCConfigurationList;
			buildConfigurations = (
				18D26B16196FC66300C83F99 /* Debug */,
				18D26B17196FC66300C83F99 /* Release */,
			);
			defaultConfigurationIsVisible = 0;
			defaultConfigurationName = Release;
		};
/* End XCConfigurationList section */
	};
	rootObject = 18D26AD8196FC66300C83F99 /* Project object */;
}
